
Microsoft Visual Studio Solution File, Format Version 12.00
# Visual Studio Version 16
VisualStudioVersion = 16.0.31624.102
MinimumVisualStudioVersion = 10.0.40219.1
Project("{FAE04EC0-301F-11D3-BF4B-00C04F79EFBC}") = "app 2.2", "app 2.2\app 2.2.csproj", "{0BEF5A2E-9915-4443-A92C-B109712D765D}"
EndProject
Global
	GlobalSection(SolutionConfigurationPlatforms) = preSolution
		Debug|Any CPU = Debug|Any CPU
		Release|Any CPU = Release|Any CPU
	EndGlobalSection
	GlobalSection(ProjectConfigurationPlatforms) = postSolution
		{0BEF5A2E-9915-4443-A92C-B109712D765D}.Debug|Any CPU.ActiveCfg = Debug|Any CPU
		{0BEF5A2E-9915-4443-A92C-B109712D765D}.Debug|Any CPU.Build.0 = Debug|Any CPU
		{0BEF5A2E-9915-4443-A92C-B109712D765D}.Release|Any CPU.ActiveCfg = Release|Any CPU
		{0BEF5A2E-9915-4443-A92C-B109712D765D}.Release|Any CPU.Build.0 = Release|Any CPU
	EndGlobalSection
	GlobalSection(SolutionProperties) = preSolution
		HideSolutionNode = FALSE
	EndGlobalSection
	GlobalSection(ExtensibilityGlobals) = postSolution
		SolutionGuid = {1926B941-CEE2-414F-A1EC-3CE512C795A6}
	EndGlobalSection
EndGlobal
